{
    "_meta": {
        "hash": {
            "sha256": "e83f7bf6345a7d231404e6a4cddf5fbd2a813f84446499858a8eb911099757e7"
        },
        "host-environment-markers": {
            "implementation_name": "cpython",
            "implementation_version": "3.5.2",
            "os_name": "posix",
            "platform_machine": "x86_64",
            "platform_python_implementation": "CPython",
            "platform_release": "4.15.0-36-generic",
            "platform_system": "Linux",
            "platform_version": "#39~16.04.1-Ubuntu SMP Tue Sep 25 08:59:23 UTC 2018",
            "python_full_version": "3.5.2",
            "python_version": "3.5",
            "sys_platform": "linux"
        },
        "pipfile-spec": 6,
        "requires": {
            "python_version": "3.5"
        },
        "sources": [
            {
                "name": "pypi",
                "url": "https://pypi.python.org/simple",
                "verify_ssl": true
            }
        ]
    },
    "default": {
        "certifi": {
            "hashes": [
                "sha256:456048c7e371c089d0a77a5212fb37a2c2dce1e24146e3b7e0261736aaeaa22a",
                "sha256:376690d6f16d32f9d1fe8932551d80b23e9d393a8578c5633a2ed39a64861638"
            ],
            "version": "==2018.8.24"
        },
        "chardet": {
            "hashes": [
                "sha256:fc323ffcaeaed0e0a02bf4d117757b98aed530d9ed4531e3e15460124c106691",
                "sha256:84ab92ed1c4d4f16916e05906b6b75a6c0fb5db821cc65e70cbd64a3e2a5eaae"
            ],
            "version": "==3.0.4"
        },
        "clarifai": {
            "hashes": [
                "sha256:4b40e7a840766e9c6c5cf75c187088b5f56b29a9d71dbb4a0f5bd6a858f86d0d",
                "sha256:57ded2ca8463e5ec3497008ec41164b31c56dc9c83c517e7d9fed3a8ac9fb443"
            ],
            "version": "==2.3.2"
        },
        "click": {
            "hashes": [
                "sha256:2335065e6395b9e67ca716de5f7526736bfa6ceead690adf616d925bdc622b13",
                "sha256:5b94b49521f6456670fdb30cd82a4eca9412788a93fa6dd6df72c94d5a8ff2d7"
            ],
            "version": "==7.0"
        },
        "configparser": {
            "hashes": [
                "sha256:5308b47021bc2340965c371f0f058cc6971a04502638d4244225c49d80db273a"
            ],
            "version": "==3.5.0"
        },
        "enum34": {
            "hashes": [
                "sha256:6bd0f6ad48ec2aa117d3d141940d484deccda84d4fcd884f5c3d93c23ecd8c79",
                "sha256:644837f692e5f550741432dd3f223bbb9852018674981b1664e5dc339387588a",
                "sha256:8ad8c4783bf61ded74527bffb48ed9b54166685e4230386a9ed9b1279e2df5b1",
                "sha256:2d81cbbe0e73112bdfe6ef8576f2238f2ba27dd0d55752a776c41d38b7da2850"
            ],
            "version": "==1.1.6"
        },
        "flask": {
            "hashes": [
                "sha256:a080b744b7e345ccfcbc77954861cb05b3c63786e93f2b3875e0913d44b43f05",
                "sha256:2271c0070dbcb5275fad4a82e29f23ab92682dc45f9dfbc22c02ba9b9322ce48"
            ],
            "version": "==1.0.2"
        },
        "future": {
            "hashes": [
                "sha256:e39ced1ab767b5936646cedba8bcce582398233d6a627067d4c6a454c90cfedb"
            ],
            "version": "==0.16.0"
        },
        "gevent": {
            "hashes": [
                "sha256:419fd562e4b94b91b58cccb3bd3f17e1a11f6162fca6c591a7822bc8a68f023d",
                "sha256:7c899e5a6f94d6310352716740f05e41eb8c52d995f27fc01e90380913aa8f22",
                "sha256:a66a26b78d90d7c4e9bf9efb2b2bd0af49234604ac52eaca03ea79ac411e3f6d",
                "sha256:1f277c5cf060b30313c5f9b91588f4c645e11839e14a63c83fcf6f24b1bc9b95",
                "sha256:a1beea0443d3404c03e069d4c4d9fc13d8ec001771c77f9a23f01911a41f0e49",
                "sha256:30e9b2878d5b57c68a40b3a08d496bcdaefc79893948989bb9b9fab087b3f3c0",
                "sha256:99de2e38dde8669dd30a8a1261bdb39caee6bd00a5f928d01dfdb85ab0502562",
                "sha256:fd23b27387d76410eb6a01ea13efc7d8b4b95974ba212c336e8b1d6ab45a9578",
                "sha256:51143a479965e3e634252a0f4a1ea07e5307cf8dc773ef6bf9dfe6741785fb4c",
                "sha256:9fa4284b44bc42bef6e437488d000ae37499ccee0d239013465638504c4565b7",
                "sha256:33533bc5c6522883e4437e901059fe5afa3ea74287eeea27a130494ff130e731",
                "sha256:6951655cc18b8371d823e81c700883debb0f633aae76f425dfeb240f76b95a67",
                "sha256:71eeb8d9146e8131b65c3364bb760b097c21b7b9fdbec91bf120685a510f997a",
                "sha256:8465f84ba31aaf52a080837e9c5ddd592ab0a21dfda3212239ce1e1796f4d503",
                "sha256:5bf9bd1dd4951552d9207af3168f420575e3049016b9c10fe0c96760ce3555b7",
                "sha256:6004512833707a1877cc1a5aea90fd182f569e089bc9ab22a81d480dad018f1b",
                "sha256:4ea938f44b882e02cca9583069d38eb5f257cc15a03e918980c307e7739b1038",
                "sha256:a94e197bd9667834f7bb6bd8dff1736fab68619d0f8cd78a9c1cebe3c4944677",
                "sha256:ac0331d3a3289a3d16627742be9c8969f293740a31efdedcd9087dadd6b2da57",
                "sha256:640b3b52121ab519e0980cb38b572df0d2bc76941103a697e828c13d76ac8836",
                "sha256:d26b57c50bf52fb38dadf3df5bbecd2236f49d7ac98f3cf32d6b8a2d25afc27f",
                "sha256:298a04a334fb5e3dcd6f89d063866a09155da56041bc94756da59db412cb45b1",
                "sha256:3f06f4802824c577272960df003a304ce95b3e82eea01dad2637cc8609c80e2c"
            ],
            "version": "==1.3.7"
        },
        "googleapis-common-protos": {
            "hashes": [
                "sha256:c075eddaa2628ab519e01b7d75b76e66c40eaa50fc52758d8225f84708950ef2"
            ],
            "version": "==1.5.3"
        },
        "greenlet": {
            "hashes": [
                "sha256:99a26afdb82ea83a265137a398f570402aa1f2b5dfb4ac3300c026931817b163",
                "sha256:ac57fcdcfb0b73bb3203b58a14501abb7e5ff9ea5e2edfa06bb03035f0cff248",
                "sha256:beeabe25c3b704f7d56b573f7d2ff88fc99f0138e43480cecdfcaa3b87fe4f87",
                "sha256:9854f612e1b59ec66804931df5add3b2d5ef0067748ea29dc60f0efdcda9a638",
                "sha256:d634a7ea1fc3380ff96f9e44d8d22f38418c1c381d5fac680b272d7d90883720",
                "sha256:0d48200bc50cbf498716712129eef819b1729339e34c3ae71656964dac907c28",
                "sha256:bcb530089ff24f6458a81ac3fa699e8c00194208a724b644ecc68422e1111939",
                "sha256:8b4572c334593d449113f9dc8d19b93b7b271bdbe90ba7509eb178923327b625",
                "sha256:a9f145660588187ff835c55a7d2ddf6abfc570c2651c276d3d4be8a2766db490",
                "sha256:51503524dd6f152ab4ad1fbd168fc6c30b5795e8c70be4410a64940b3abb55c0",
                "sha256:a19bf883b3384957e4a4a13e6bd1ae3d85ae87f4beb5957e35b0be287f12f4e4",
                "sha256:853da4f9563d982e4121fed8c92eea1a4594a2299037b3034c3c898cb8e933d6",
                "sha256:23d12eacffa9d0f290c0fe0c4e81ba6d5f3a5b7ac3c30a5eaf0126bf4deda5c8",
                "sha256:000546ad01e6389e98626c1367be58efa613fa82a1be98b0c6fc24b563acc6d0",
                "sha256:d97b0661e1aead761f0ded3b769044bb00ed5d33e1ec865e891a8b128bf7c656",
                "sha256:8041e2de00e745c0e05a502d6e6db310db7faa7c979b3a5877123548a4c0b214",
                "sha256:81fcd96a275209ef117e9ec91f75c731fa18dcfd9ffaa1c0adbdaa3616a86043",
                "sha256:37c9ba82bd82eb6a23c2e5acc03055c0e45697253b2393c9a50cef76a3985304",
                "sha256:9416443e219356e3c31f1f918a91badf2e37acf297e2fa13d24d1cc2380f8fbc"
            ],
            "markers": "platform_python_implementation == 'CPython'",
            "version": "==0.4.15"
        },
        "grpcio": {
            "hashes": [
                "sha256:16cdd82a3aed9b6d3067492413bfffe61bf0f98c06f2942f887d79b8fd68898d",
                "sha256:3f57682b103febfd603350d2e0c91bdb5240593dd3c377ade9ab27da0540f4ad",
                "sha256:701534465e7936524e786f9448e9ccc9a519fddb59bca744ef2abe04fd737104",
                "sha256:f322631581149eb35f834ea0defcacf4edc8641db206f83027b9c239aa46a442",
                "sha256:529b872bddc0ad5243fa58f77dfbac1a04c9812f35a4d2033cba795e3b579411",
                "sha256:670e884e5b5c8805e30d214da790cb86487db27ed9e7ccd74f11a2bc5a27df2b",
                "sha256:253ae7ed8b50132ab331146ecb329d740330f9f76b6986cc36c3280eb74878c7",
                "sha256:bf203d00fa7d7f9a67646c5468732b03330f7910fffa1bac7dcde956d27d3508",
                "sha256:4a70e37c6bf2f81f48f739184c058c9912caf9fd85db6b8688e8916b748b02cb",
                "sha256:9380f8365d9fd7fea6497615295b4e749345bdc7990655d52ad22fef0127f1d3",
                "sha256:21901beb267bd996a094d960996bff047db7c10ad3bfa7bd4689eb0374101e63",
                "sha256:00e0ed7a4558b65df24aed9369880c7e247bcd48c9c71c9c40f3143ab02842a5",
                "sha256:e9caf61a789dd657404195d7bc0d3e521bf1878b43448ffe8b03bb03e27fb23d",
                "sha256:67f1dd57935abe0d090f3b5f9fbc4d7ef84a53c9cd806c7cb91a2bda9dd8f14a",
                "sha256:4473f462accbfb6207174af8bbdd21c09d355a16d6a718e24810afb236ed237e",
                "sha256:2fffb227db6d95e62086563720518cd5cdbf7127675f49067f55d3c7cca019c4",
                "sha256:aa4ca8f74500d90a6b8745aef03fb765b8c1655524f695baa46320763aad5822",
                "sha256:6bb4acb354a0f84ca767658bf414b70dbfc88a41210456720e5ef1248354b0ad",
                "sha256:114399097a2af15fac768dd99c32171ed33804bf127945b5cba0fb9f4380b09d",
                "sha256:7ab4fcef50ec8257a4ec5ff676001d9be466aa965df57ccf89873a263c7bb4ae",
                "sha256:7b2f2882a909213d038f399dcf07995870e3a2f27a93ce8dbfb65db860df30be",
                "sha256:14a16eb13472cb16213dad17d4580d885824e04b93ae4323ed532168f99477a0",
                "sha256:25f2d6120e710223195027375855a06cfc5a4f448e89b20f8f09975527297aeb",
                "sha256:cba9f8b4910644c6664f875ba20e8ea031919118d4567fe0b77aee28d7fa32c6",
                "sha256:5f54bb445a443a12123d88f3f83a715d00c0579481201e08caa931a0c38f794e",
                "sha256:3b16f12bedb3fc22db8c4a55119f460778330d0ca44cc9716d106170b4270685",
                "sha256:2767b87260b2256d738a496d5aaf8ce4bbeef34cdbe9c852508c09a36ff35631",
                "sha256:e0b262828da4b0986ab9994ed8727655b21f1575b6b31cf2f05ba0d9ca650bae",
                "sha256:d360ccb3aedec5b799c8b0d7968013b92a5a67fad00da77ff987360d59182f9f",
                "sha256:113d457cf87a2d642820f2a442008d714c52f9760fea2c02b22fe06aacc40531",
                "sha256:eade750711df77696ae8361412018c0b294bb078fc0a3b51f5a77e789af692c7",
                "sha256:15a5fc23ba2e5f30758fbb8763f79a764e3de1ffcb92c2ccd46f45ffa63910d2"
            ],
            "version": "==1.15.0"
        },
        "idna": {
            "hashes": [
                "sha256:156a6814fb5ac1fc6850fb002e0852d56c0c8d2531923a51032d1b70760e186e",
                "sha256:684a38a6f903c1d71d6d5fac066b58d7768af4de2b832e426ec79c30daa94a16"
            ],
            "version": "==2.7"
        },
        "itsdangerous": {
            "hashes": [
                "sha256:cbb3fcf8d3e33df861709ecaf89d9e6629cff0a217bc2848f1b41cd30d360519"
            ],
            "version": "==0.24"
        },
        "jinja2": {
            "hashes": [
                "sha256:74c935a1b8bb9a3947c50a54766a969d4846290e1e788ea44c1392163723c3bd",
                "sha256:f84be1bb0040caca4cea721fcbbbbd61f9be9464ca236387158b0feea01914a4"
            ],
            "version": "==2.10"
        },
        "jsonschema": {
            "hashes": [
                "sha256:000e68abd33c972a5248544925a0cae7d1125f9bf6c58280d37546b946769a08",
                "sha256:6ff5f3180870836cae40f06fa10419f557208175f13ad7bc26caa77beb1f6e02"
            ],
            "version": "==2.6.0"
        },
        "markupsafe": {
            "hashes": [
                "sha256:a6be69091dac236ea9c6bc7d012beab42010fa914c459791d627dad4910eb665"
            ],
            "version": "==1.0"
        },
        "numpy": {
            "hashes": [
                "sha256:b5ff7dae352fd9e1edddad1348698e9fea14064460a7e39121ef9526745802e6",
                "sha256:1b1cf8f7300cf7b11ddb4250b3898c711a6187df05341b5b7153db23ffe5d498",
                "sha256:ec8bf53ef7c92c99340972519adbe122e82c81d5b87cbd955c74ba8a8cd2a4ad",
                "sha256:733dc5d47e71236263837825b69c975bc08728ae638452b34aeb1d6fa347b780",
                "sha256:82f00a1e2695a0e5b89879aa25ea614530b8ebdca6d49d4834843d498e8a5e92",
                "sha256:63f833a7c622e9082df3cbaf03b4fd92d7e0c11e2f9d87cb57dbf0e84441964b",
                "sha256:c898f9cca806102fcacb6309899743aa39efb2ad2a302f4c319f54db9f05cd84",
                "sha256:f2e55726a9ee2e8129d6ce6abb466304868051bcc7a09d652b3b07cd86e801a2",
                "sha256:981224224bbf44d95278eb37996162e8beb6f144d2719b144e86dfe2fce6c510",
                "sha256:f592fd7fe1f20b5041928cce1330937eca62f9058cb41e69c2c2d83cffc0d1e3",
                "sha256:9ad36dbfdbb0cba90a08e7343fadf86f43cf6d87450e8d2b5d71d7c7202907e4",
                "sha256:d1569013e8cc8f37e9769d19effdd85e404c976cd0ca28a94e3ddc026c216ae8",
                "sha256:8d2cfb0aef7ec8759736cce26946efa084cdf49797712333539ef7d135e0295e",
                "sha256:f4dee74f2626c783a3804df9191e9008946a104d5a284e52427a53ff576423cb",
                "sha256:497d7c86df4f85eb03b7f58a7dd0f8b948b1f582e77629341f624ba301b4d204",
                "sha256:866bf72b9c3bfabe4476d866c70ee1714ad3e2f7b7048bb934892335e7b6b1f7",
                "sha256:71bf3b7ca15b1967bba3a1ef6a8e87286382a8b5e46ac76b42a02fe787c5237d",
                "sha256:4e28e66cf80c09a628ae680efeb0aa9a066eb4bb7db2a5669024c5b034891576",
                "sha256:8aeac8b08f4b8c52129518efcd93706bb6d506ccd17830b67d18d0227cf32d9e",
                "sha256:a251570bb3cb04f1627f23c234ad09af0e54fc8194e026cf46178f2e5748d647",
                "sha256:5b4dfb6551eaeaf532054e2c6ef4b19c449c2e3a709ebdde6392acb1372ecabc",
                "sha256:981daff58fa3985a26daa4faa2b726c4e7a1d45178100125c0e1fdaf2ac64978",
                "sha256:dca261e85fe0d34b2c242ecb31c9ab693509af2cf955d9caf01ee3ef3669abd0",
                "sha256:ffab5b80bba8c86251291b8ce2e6c99a61446459d4c6637f5d5cc8c9ce37c972",
                "sha256:58be95faf0ca2d886b5b337e7cba2923e3ad1224b806a91223ea39f1e0c77d03",
                "sha256:3fde172e28c899580d32dc21cb6d4a1225d62362f61050b654545c662eac215a",
                "sha256:cf4b970042ce148ad8dce4369c02a4078b382dadf20067ce2629c239d76460d1",
                "sha256:27a0d018f608a3fe34ac5e2b876f4c23c47e38295c47dd0775cc294cd2614bc1"
            ],
            "version": "==1.15.2"
        },
        "pillow": {
            "hashes": [
                "sha256:aa6ca3eb56704cdc0d876fc6047ffd5ee960caad52452fbee0f99908a141a0ae",
                "sha256:db5499d0710823fa4fb88206050d46544e8f0e0136a9a5f5570b026584c8fd74",
                "sha256:5280ebc42641a1283b7b1f2c20e5b936692198b9dd9995527c18b794850be1a8",
                "sha256:696b5e0109fe368d0057f484e2e91717b49a03f1e310f857f133a4acec9f91dd",
                "sha256:99a3bbdbb844f4fb5d6dd59fac836a40749781c1fa63c563bc216c27aef63f60",
                "sha256:5e34e4b5764af65551647f5cc67cf5198c1d05621781d5173b342e5e55bf023b",
                "sha256:48a9f0538c91fc136b3a576bee0e7cd174773dc9920b310c21dcb5519722e82c",
                "sha256:dae06620d3978da346375ebf88b9e2dd7d151335ba668c995aea9ed07af7add4",
                "sha256:0616f800f348664e694dddb0b0c88d26761dd5e9f34e1ed7b7a7d2da14b40cb7",
                "sha256:b78905860336c1d292409e3df6ad39cc1f1c7f0964e66844bbc2ebfca434d073",
                "sha256:f36baafd82119c4a114b9518202f2a983819101dcc14b26e43fc12cbefdce00e",
                "sha256:a5a96cf49eb580756a44ecf12949e52f211e20bffbf5a95760ac14b1e499cd37",
                "sha256:c99aa3c63104e0818ec566f8ff3942fb7c7a8f35f9912cb63fd8e12318b214b2",
                "sha256:ff8cff01582fa1a7e533cb97f628531c4014af4b5f38e33cdcfe5eec29b6d888",
                "sha256:1f7908aab90c92ad85af9d2fec5fc79456a89b3adcc26314d2cde0e238bd789e",
                "sha256:00203f406818c3f45d47bb8fe7e67d3feddb8dcbbd45a289a1de7dd789226360",
                "sha256:870ed021a42b1b02b5fe4a739ea735f671a84128c0a666c705db2cb9abd528eb",
                "sha256:63b120421ab85cad909792583f83b6ca3584610c2fe70751e23f606a3c2e87f0",
                "sha256:99db8dc3097ceafbcff9cb2bff384b974795edeb11d167d391a02c7bfeeb6e16",
                "sha256:987e1c94a33c93d9b209315bfda9faa54b8edfce6438a1e93ae866ba20de5956",
                "sha256:bfde84bbd6ae5f782206d454b67b7ee8f7f818c29b99fd02bf022fd33bab14cb",
                "sha256:9303a289fa0811e1c6abd9ddebfc770556d7c3311cb2b32eff72164ddc49bc64",
                "sha256:c5e2be6c263b64f6f7656e23e18a4a9980cffc671442795682e8c4e4f815dd9f",
                "sha256:c2b62d3df80e694c0e4a0ed47754c9480521e25642251b3ab1dff050a4e60409",
                "sha256:aade5e66795c94e4a2b2624affeea8979648d1b0ae3fcee17e74e2c647fc4a8a",
                "sha256:b92f521cdc4e4a3041cc343625b699f20b0b5f976793fb45681aac1efda565f8",
                "sha256:916da1c19e4012d06a372127d7140dae894806fad67ef44330e5600d77833581",
                "sha256:f52b79c8796d81391ab295b04e520bda6feed54d54931708872e8f9ae9db0ea1",
                "sha256:9577888ecc0ad7d06c3746afaba339c94d62b59da16f7a5d1cff9e491f23dace",
                "sha256:0d67ae9a5937b1348fa1d97c7dcb6b56aaef828ca6655298e96f2f3114ad829d",
                "sha256:dcd3cd17d291e01e47636101c4a6638ffb44c842d009973e3b5c1b67ff718c58",
                "sha256:a844b5d8120f99fb7cd276ff544ac5bd562b0c053760d59694e6bf747c6ca7f5",
                "sha256:a379526415f54f9462bc65a4da76fb0acc05e3b2a21717dde79621cf4377e0e6",
                "sha256:7306d851d5a0cfac9ea07f1177783836f4b37292e5f224a534a52111cb6a6451",
                "sha256:7e3e32346d991f1788026917d0a9c182d6d32dc757163eee7ca990f1f831499e",
                "sha256:a9284368e81a67a7f47d5ef1ef7e4f11a4f688485879f44cf5f9090bba1f9d94",
                "sha256:bb2baf44e97811687893873eab8cf9f18b40321cc15d15ff9f91dc031e30631f",
                "sha256:fa49bb60792b542b95ca93a39041e7113843093ce3cfd216870118eb3798fcc9",
                "sha256:39b662f65a067709a62943003c1e807d140e7fcf631fcfc66ebe905f8149b9f4",
                "sha256:2ea3517cd5779843de8a759c2349a3cd8d3893e03ab47053b66d5ec6f8bc4f93",
                "sha256:ffbccfe1c077b5f41738bd719518213c217be7a7a12a7e74113d05a0d6617390",
                "sha256:0e1aaddd00ee9014fe7a61b9da61427233fcd7c7f193b5efd6689e0ec36bc42f",
                "sha256:576a8a7a57065dab968d9d18befa2594a7673dcdab78c9b1f34248410cc6118f",
                "sha256:3ddc19447cf42ef3ec564ab7ebbd4f67838ba9816d739befe29dd70149c775bd",
                "sha256:5e334a23c8f7cb6079987a2ed9978821a42b4323a3a3bdbc132945348737f9a9",
                "sha256:6cb528de694f503ea164541c151da6c18267727a7558e0c9716cc0383d89658a",
                "sha256:fa2a50f762d06d84125db0b95d0121e9c640afa7edc23fc0848896760a390f8e",
                "sha256:f12df6b45abc18f27f6e21ce26f7cbf7aa19820911462e46536e22085658ca1e",
                "sha256:c55d348c1c65896c1bd804527de4880d251ae832acf90d74ad525bb79e77d55c",
                "sha256:091136f2a37e9ed6bd8ce96fbf5269199ba6edee490d64de7ac934316f31ecca"
            ],
            "version": "==5.3.0"
        },
        "protobuf": {
            "hashes": [
                "sha256:10394a4d03af7060fa8a6e1cbf38cea44be1467053b0aea5bbfcb4b13c4b88c4",
                "sha256:59cd75ded98094d3cf2d79e84cdb38a46e33e7441b2826f3838dcc7c07f82995",
                "sha256:1931d8efce896981fe410c802fd66df14f9f429c32a72dd9cfeeac9815ec6444",
                "sha256:92e8418976e52201364a3174e40dc31f5fd8c147186d72380cbda54e0464ee19",
                "sha256:a7ee3bb6de78185e5411487bef8bc1c59ebd97e47713cba3c460ef44e99b3db9",
                "sha256:5ee0522eed6680bb5bac5b6d738f7b0923b3cafce8c4b1a039a6107f0841d7ed",
                "sha256:fcfc907746ec22716f05ea96b7f41597dfe1a1c088f861efb8a0d4f4196a6f10",
                "sha256:ceec283da2323e2431c49de58f80e1718986b79be59c266bb0509cbf90ca5b9e",
                "sha256:65917cfd5da9dfc993d5684643063318a2e875f798047911a9dd71ca066641c9",
                "sha256:46e34fdcc2b1f2620172d3a4885128705a4e658b9b62355ae5e98f9ea19f42c2",
                "sha256:9335f79d1940dfb9bcaf8ec881fb8ab47d7a2c721fb8b02949aab8bbf8b68625",
                "sha256:685bc4ec61a50f7360c9fd18e277b65db90105adbf9c79938bd315435e526b90",
                "sha256:e7a5ccf56444211d79e3204b05087c1460c212a2c7d62f948b996660d0165d68",
                "sha256:196d3a80f93c537f27d2a19a4fafb826fb4c331b0b99110f985119391d170f96",
                "sha256:1489b376b0f364bcc6f89519718c057eb191d7ad6f1b395ffd93d1aa45587811"
            ],
            "version": "==3.6.1"
        },
        "pytesseract": {
            "hashes": [
                "sha256:d54d370d3c1032c7fc097b2e88bb899368a7979550e5fd6f6e0ccdf0d60e9f72"
            ],
            "version": "==0.2.5"
        },
        "requests": {
            "hashes": [
                "sha256:63b52e3c866428a224f97cab011de738c36aec0185aa91cfacd418b5d58911d1",
                "sha256:ec22d826a36ed72a7358ff3fe56cbd4ba69dd7a6718ffd450ff0e9df7a47ce6a"
            ],
            "version": "==2.19.1"
        },
        "six": {
            "hashes": [
                "sha256:832dc0e10feb1aa2c68dcc57dbb658f1c7e65b9b61af69048abc87a2db00a0eb",
                "sha256:70e8a77beed4562e7f14fe23a786b54f6296e34344c23bc42f07b15018ff98e9"
            ],
            "version": "==1.11.0"
        },
        "toml": {
            "hashes": [
                "sha256:f1db651f9657708513243e61e6cc67d101a39bad662eaa9b5546f789338e07a3",
                "sha256:235682dd292d5899d361a811df37e04a8828a5b1da3115886b73cf81ebc9100e",
                "sha256:229f81c57791a41d65e399fc06bf0848bab550a9dfd5ed66df18ce5f05e73d5c"
            ],
            "version": "==0.10.0"
        },
        "tqdm": {
            "hashes": [
                "sha256:18f1818ce951aeb9ea162ae1098b43f583f7d057b34d706f66939353d1208889",
                "sha256:df02c0650160986bac0218bb07952245fc6960d23654648b5d5526ad5a4128c9"
            ],
            "version": "==4.26.0"
        },
        "urllib3": {
            "hashes": [
                "sha256:b5725a0bd4ba422ab0e66e89e030c806576753ea3ee08554382c14e685d117b5",
                "sha256:a68ac5e15e76e7e5dd2b8f94007233e01effe3e50e8daddf69acfd81cb686baf"
            ],
            "version": "==1.23"
        },
        "werkzeug": {
            "hashes": [
                "sha256:d5da73735293558eb1651ee2fddc4d0dedcfa06538b8813a2e20011583c9e49b",
                "sha256:c3fd7a7d41976d9f44db327260e263132466836cef6f91512889ed60ad26557c"
            ],
            "version": "==0.14.1"
        }
    },
    "develop": {
        "astroid": {
            "hashes": [
                "sha256:292fa429e69d60e4161e7612cb7cc8fa3609e2e309f80c224d93a76d5e7b58be",
                "sha256:c7013d119ec95eb626f7a2011f0b63d0c9a095df9ad06d8507b37084eada1a8d"
            ],
            "version": "==2.0.4"
        },
        "isort": {
            "hashes": [
                "sha256:ec9ef8f4a9bc6f71eec99e1806bfa2de401650d996c59330782b89a5555c1497",
                "sha256:1153601da39a25b14ddc54955dbbacbb6b2d19135386699e2ad58517953b34af",
                "sha256:b9c40e9750f3d77e6e4d441d8b0266cf555e7cdabdcff33c4fd06366ca761ef8"
            ],
            "version": "==4.3.4"
        },
        "lazy-object-proxy": {
            "hashes": [
                "sha256:209615b0fe4624d79e50220ce3310ca1a9445fd8e6d3572a896e7f9146bbf019",
                "sha256:1b668120716eb7ee21d8a38815e5eb3bb8211117d9a90b0f8e21722c0758cc39",
                "sha256:cb924aa3e4a3fb644d0c463cad5bc2572649a6a3f68a7f8e4fbe44aaa6d77e4c",
                "sha256:2c1b21b44ac9beb0fc848d3993924147ba45c4ebc24be19825e57aabbe74a99e",
                "sha256:320ffd3de9699d3892048baee45ebfbbf9388a7d65d832d7e580243ade426d2b",
                "sha256:2df72ab12046a3496a92476020a1a0abf78b2a7db9ff4dc2036b8dd980203ae6",
                "sha256:27ea6fd1c02dcc78172a82fc37fcc0992a94e4cecf53cb6d73f11749825bd98b",
                "sha256:e5b9e8f6bda48460b7b143c3821b21b452cb3a835e6bbd5dd33aa0c8d3f5137d",
                "sha256:7661d401d60d8bf15bb5da39e4dd72f5d764c5aff5a86ef52a042506e3e970ff",
                "sha256:61a6cf00dcb1a7f0c773ed4acc509cb636af2d6337a08f362413c76b2b47a8dd",
                "sha256:bd6292f565ca46dee4e737ebcc20742e3b5be2b01556dafe169f6c65d088875f",
                "sha256:933947e8b4fbe617a51528b09851685138b49d511af0b6c0da2539115d6d4514",
                "sha256:d0fc7a286feac9077ec52a927fc9fe8fe2fabab95426722be4c953c9a8bede92",
                "sha256:7f3a2d740291f7f2c111d86a1c4851b70fb000a6c8883a59660d95ad57b9df35",
                "sha256:5276db7ff62bb7b52f77f1f51ed58850e315154249aceb42e7f4c611f0f847ff",
                "sha256:94223d7f060301b3a8c09c9b3bc3294b56b2188e7d8179c762a1cda72c979252",
                "sha256:6ae6c4cb59f199d8827c5a07546b2ab7e85d262acaccaacd49b62f53f7c456f7",
                "sha256:f460d1ceb0e4a5dcb2a652db0904224f367c9b3c1470d5a7683c0480e582468b",
                "sha256:e81ebf6c5ee9684be8f2c87563880f93eedd56dd2b6146d8a725b50b7e5adb0f",
                "sha256:81304b7d8e9c824d058087dcb89144842c8e0dea6d281c031f59f0acf66963d4",
                "sha256:ddc34786490a6e4ec0a855d401034cbd1242ef186c20d79d2166d6a4bd449577",
                "sha256:7bd527f36a605c914efca5d3d014170b2cb184723e423d26b1fb2fd9108e264d",
                "sha256:ab3ca49afcb47058393b0122428358d2fbe0408cf99f1b58b295cfeb4ed39109",
                "sha256:7cb54db3535c8686ea12e9535eb087d32421184eacc6939ef15ef50f83a5e7e2",
                "sha256:0ce34342b419bd8f018e6666bfef729aec3edf62345a53b537a4dcc115746a33",
                "sha256:e34b155e36fa9da7e1b7c738ed7767fc9491a62ec6af70fe9da4a057759edc2d",
                "sha256:50e3b9a464d5d08cc5227413db0d1c4707b6172e4d4d915c1c70e4de0bbff1f5",
                "sha256:27bf62cb2b1a2068d443ff7097ee33393f8483b570b475db8ebf7e1cba64f088",
                "sha256:eb91be369f945f10d3a49f5f9be8b3d0b93a4c2be8f8a5b83b0571b8123e0a7a"
            ],
            "version": "==1.3.1"
        },
        "mccabe": {
            "hashes": [
                "sha256:ab8a6258860da4b6677da4bd2fe5dc2c659cff31b3ee4f7f5d64e79735b80d42",
                "sha256:dd8d182285a0fe56bace7f45b5e7d1a6ebcbf524e8f3bd87eb0f125271b8831f"
            ],
            "version": "==0.6.1"
        },
        "pylint": {
            "hashes": [
                "sha256:1d6d3622c94b4887115fe5204982eee66fdd8a951cf98635ee5caee6ec98c3ec",
                "sha256:31142f764d2a7cd41df5196f9933b12b7ee55e73ef12204b648ad7e556c119fb"
            ],
            "version": "==2.1.1"
        },
        "six": {
            "hashes": [
                "sha256:832dc0e10feb1aa2c68dcc57dbb658f1c7e65b9b61af69048abc87a2db00a0eb",
                "sha256:70e8a77beed4562e7f14fe23a786b54f6296e34344c23bc42f07b15018ff98e9"
            ],
            "version": "==1.11.0"
        },
        "typed-ast": {
            "hashes": [
                "sha256:0948004fa228ae071054f5208840a1e88747a357ec1101c17217bfe99b299d58",
                "sha256:25d8feefe27eb0303b73545416b13d108c6067b846b543738a25ff304824ed9a",
                "sha256:c05b41bc1deade9f90ddc5d988fe506208019ebba9f2578c622516fd201f5863",
                "sha256:519425deca5c2b2bdac49f77b2c5625781abbaf9a809d727d3a5596b30bb4ded",
                "sha256:6de012d2b166fe7a4cdf505eee3aaa12192f7ba365beeefaca4ec10e31241a85",
                "sha256:79b91ebe5a28d349b6d0d323023350133e927b4de5b651a8aa2db69c761420c6",
                "sha256:a8034021801bc0440f2e027c354b4eafd95891b573e12ff0418dec385c76785c",
                "sha256:f19f2a4f547505fe9072e15f6f4ae714af51b5a681a97f187971f50c283193b6",
                "sha256:c9b060bd1e5a26ab6e8267fd46fc9e02b54eb15fffb16d112d4c7b1c12987559",
                "sha256:2e214b72168ea0275efd6c884b114ab42e316de3ffa125b267e732ed2abda892",
                "sha256:bc978ac17468fe868ee589c795d06777f75496b1ed576d308002c8a5756fb9ea",
                "sha256:edb04bdd45bfd76c8292c4d9654568efaedf76fe78eb246dde69bdb13b2dad87",
                "sha256:668d0cec391d9aed1c6a388b0d5b97cd22e6073eaa5fbaa6d2946603b4871efe",
                "sha256:29464a177d56e4e055b5f7b629935af7f49c196be47528cc94e0a7bf83fbc2b9",
                "sha256:8550177fa5d4c1f09b5e5f524411c44633c80ec69b24e0e98906dd761941ca46",
                "sha256:3e0d5e48e3a23e9a4d1a9f698e32a542a4a288c871d33ed8df1b092a40f3a0f9",
                "sha256:68ba70684990f59497680ff90d18e756a47bf4863c604098f10de9716b2c0bdd",
                "sha256:898f818399cafcdb93cbbe15fc83a33d05f18e29fb498ddc09b0214cdfc7cd51",
                "sha256:1f6c4bd0bdc0f14246fd41262df7dfc018d65bb05f6e16390b7ea26ca454a291",
                "sha256:a26863198902cda15ab4503991e8cf1ca874219e0118cbf07c126bce7c4db129",
                "sha256:94b091dc0f19291adcb279a108f5d38de2430411068b219f41b343c03b28fb1f",
                "sha256:10703d3cec8dcd9eef5a630a04056bbc898abc19bac5691612acba7d1325b66d",
                "sha256:57fe287f0cdd9ceaf69e7b71a2e94a24b5d268b35df251a88fef5cc241bf73aa"
            ],
            "markers": "python_version < '3.7' and implementation_name == 'cpython'",
            "version": "==1.1.0"
        },
        "wrapt": {
            "hashes": [
                "sha256:d4d560d479f2c21e1b5443bbd15fe7ec4b37fe7e53d335d3b9b0a7b1226fe3c6"
            ],
            "version": "==1.10.11"
        }
    }
}
